github.com/MateusMoutinhoOrg/Keep v0.0.7 h1:U54GR2PaMb3DETtRETkHFoDmDD5m+Qin5yH4jxJkqZc=
github.com/MateusMoutinhoOrg/Keep v0.0.7/go.mod h1:NC0Bg5HXeK4i7ti4z10M5pXX4jT3s3EzPmq/fdhEWU4=
github.com/golang-jwt/jwt/v5 v5.3.1 h1:kYf81DTWFe7t+1VvL7eS+jKFVWaUnK9cB1qbwn63YCY=
github.com/golang-jwt/jwt/v5 v5.3.1/go.mod h1:fxCRLWMO43lRc8nhHWY6LGqRcf+1gQWArsqaEUEa5bE=
